<?xml version="1.0" encoding="utf-8"?>
<Project ToolsVersion="4.0" xmlns="http://schemas.microsoft.com/developer/msbuild/2003">
  <ItemGroup>
    <ClInclude Include="FundLibs\HyCoMath\hyco.h" />
    <ClInclude Include="FundLibs\HyCoMath\HyperComplex.h" />
    <ClInclude Include="FundLibs\HyCoMath\HyCoThinks.h" />
    <ClInclude Include="FundLibs\ShRendCPU\DrawBuffer.h" />
    <ClInclude Include="FundLibs\ShRendCPU\ShWin.h" />
    <ClInclude Include="Renderer.h" />
  </ItemGroup>
  <ItemGroup>
    <ClCompile Include="FundLibs\HyCoMath\HyperComplex.cpp" />
    <ClCompile Include="FundLibs\HyCoMath\HyCoThinks.cpp" />
    <ClCompile Include="FundLibs\ShRendCPU\DrawBuffer.cpp" />
    <ClCompile Include="FundLibs\ShRendCPU\ShWin.cpp" />
    <ClCompile Include="main.cpp" />
  </ItemGroup>
</Project>